
Microsoft Visual Studio Solution File, Format Version 12.00
# Visual Studio Version 16
VisualStudioVersion = 16.0.31205.134
MinimumVisualStudioVersion = 10.0.40219.1
Project("{FAE04EC0-301F-11D3-BF4B-00C04F79EFBC}") = "RocketLand", "RocketLand\RocketLand.csproj", "{469E08A7-FB29-41E0-B7F7-0B04F7703C9A}"
EndProject
Project("{FAE04EC0-301F-11D3-BF4B-00C04F79EFBC}") = "RocketLandTest", "RocketLandTest\RocketLandTest.csproj", "{09E1917F-3B02-414B-A847-5A662027459C}"
EndProject
Global
	GlobalSection(SolutionConfigurationPlatforms) = preSolution
		Debug|Any CPU = Debug|Any CPU
		Release|Any CPU = Release|Any CPU
	EndGlobalSection
	GlobalSection(ProjectConfigurationPlatforms) = postSolution
		{469E08A7-FB29-41E0-B7F7-0B04F7703C9A}.Debug|Any CPU.ActiveCfg = Debug|Any CPU
		{469E08A7-FB29-41E0-B7F7-0B04F7703C9A}.Debug|Any CPU.Build.0 = Debug|Any CPU
		{469E08A7-FB29-41E0-B7F7-0B04F7703C9A}.Release|Any CPU.ActiveCfg = Release|Any CPU
		{469E08A7-FB29-41E0-B7F7-0B04F7703C9A}.Release|Any CPU.Build.0 = Release|Any CPU
		{09E1917F-3B02-414B-A847-5A662027459C}.Debug|Any CPU.ActiveCfg = Debug|Any CPU
		{09E1917F-3B02-414B-A847-5A662027459C}.Debug|Any CPU.Build.0 = Debug|Any CPU
		{09E1917F-3B02-414B-A847-5A662027459C}.Release|Any CPU.ActiveCfg = Release|Any CPU
		{09E1917F-3B02-414B-A847-5A662027459C}.Release|Any CPU.Build.0 = Release|Any CPU
	EndGlobalSection
	GlobalSection(SolutionProperties) = preSolution
		HideSolutionNode = FALSE
	EndGlobalSection
	GlobalSection(ExtensibilityGlobals) = postSolution
		SolutionGuid = {6FE98F3D-0F60-4579-B844-02773406A983}
	EndGlobalSection
EndGlobal
